
Microsoft Visual Studio Solution File, Format Version 12.00
Project("{FAE04EC0-301F-11D3-BF4B-00C04F79EFBC}") = "Day1", "Day1\Day1.csproj", "{9DBA20CD-CBAB-4924-BCBB-B0568D1FFAF2}"
EndProject
Project("{FAE04EC0-301F-11D3-BF4B-00C04F79EFBC}") = "Day2", "Day2\Day2.csproj", "{BCF67BAE-5055-43B8-B187-9A1234AF145D}"
EndProject
Project("{FAE04EC0-301F-11D3-BF4B-00C04F79EFBC}") = "Day3", "Day3\Day3.csproj", "{4FDE1026-2D5D-4152-84D2-66E4F86EB517}"
EndProject
Project("{FAE04EC0-301F-11D3-BF4B-00C04F79EFBC}") = "Day 4", "Day 4\Day 4.csproj", "{129907F7-671F-4A7C-B3AD-4F1B1BF7A5A4}"
EndProject
Project("{FAE04EC0-301F-11D3-BF4B-00C04F79EFBC}") = "Day 5", "Day 5\Day 5.csproj", "{40745490-281A-4192-9B88-DBDF11FAFAFB}"
EndProject
Project("{FAE04EC0-301F-11D3-BF4B-00C04F79EFBC}") = "Day 6", "Day 6\Day 6.csproj", "{7AC6C2DD-61FD-454D-97C3-936203B43DA4}"
EndProject
Project("{FAE04EC0-301F-11D3-BF4B-00C04F79EFBC}") = "Day 7", "Day 7\Day 7.csproj", "{987E835E-F53F-4A81-A41B-D0B79397F8D5}"
EndProject
Project("{FAE04EC0-301F-11D3-BF4B-00C04F79EFBC}") = "Day 8", "Day 8\Day 8.csproj", "{891BF0B9-3320-4258-A8F4-FFDF563B5220}"
EndProject
Global
	GlobalSection(SolutionConfigurationPlatforms) = preSolution
		Debug|Any CPU = Debug|Any CPU
		Release|Any CPU = Release|Any CPU
	EndGlobalSection
	GlobalSection(ProjectConfigurationPlatforms) = postSolution
		{9DBA20CD-CBAB-4924-BCBB-B0568D1FFAF2}.Debug|Any CPU.ActiveCfg = Debug|Any CPU
		{9DBA20CD-CBAB-4924-BCBB-B0568D1FFAF2}.Debug|Any CPU.Build.0 = Debug|Any CPU
		{9DBA20CD-CBAB-4924-BCBB-B0568D1FFAF2}.Release|Any CPU.ActiveCfg = Release|Any CPU
		{9DBA20CD-CBAB-4924-BCBB-B0568D1FFAF2}.Release|Any CPU.Build.0 = Release|Any CPU
		{BCF67BAE-5055-43B8-B187-9A1234AF145D}.Debug|Any CPU.ActiveCfg = Debug|Any CPU
		{BCF67BAE-5055-43B8-B187-9A1234AF145D}.Debug|Any CPU.Build.0 = Debug|Any CPU
		{BCF67BAE-5055-43B8-B187-9A1234AF145D}.Release|Any CPU.ActiveCfg = Release|Any CPU
		{BCF67BAE-5055-43B8-B187-9A1234AF145D}.Release|Any CPU.Build.0 = Release|Any CPU
		{4FDE1026-2D5D-4152-84D2-66E4F86EB517}.Debug|Any CPU.ActiveCfg = Debug|Any CPU
		{4FDE1026-2D5D-4152-84D2-66E4F86EB517}.Debug|Any CPU.Build.0 = Debug|Any CPU
		{4FDE1026-2D5D-4152-84D2-66E4F86EB517}.Release|Any CPU.ActiveCfg = Release|Any CPU
		{4FDE1026-2D5D-4152-84D2-66E4F86EB517}.Release|Any CPU.Build.0 = Release|Any CPU
		{129907F7-671F-4A7C-B3AD-4F1B1BF7A5A4}.Debug|Any CPU.ActiveCfg = Debug|Any CPU
		{129907F7-671F-4A7C-B3AD-4F1B1BF7A5A4}.Debug|Any CPU.Build.0 = Debug|Any CPU
		{129907F7-671F-4A7C-B3AD-4F1B1BF7A5A4}.Release|Any CPU.ActiveCfg = Release|Any CPU
		{129907F7-671F-4A7C-B3AD-4F1B1BF7A5A4}.Release|Any CPU.Build.0 = Release|Any CPU
		{40745490-281A-4192-9B88-DBDF11FAFAFB}.Debug|Any CPU.ActiveCfg = Debug|Any CPU
		{40745490-281A-4192-9B88-DBDF11FAFAFB}.Debug|Any CPU.Build.0 = Debug|Any CPU
		{40745490-281A-4192-9B88-DBDF11FAFAFB}.Release|Any CPU.ActiveCfg = Release|Any CPU
		{40745490-281A-4192-9B88-DBDF11FAFAFB}.Release|Any CPU.Build.0 = Release|Any CPU
		{7AC6C2DD-61FD-454D-97C3-936203B43DA4}.Debug|Any CPU.ActiveCfg = Debug|Any CPU
		{7AC6C2DD-61FD-454D-97C3-936203B43DA4}.Debug|Any CPU.Build.0 = Debug|Any CPU
		{7AC6C2DD-61FD-454D-97C3-936203B43DA4}.Release|Any CPU.ActiveCfg = Release|Any CPU
		{7AC6C2DD-61FD-454D-97C3-936203B43DA4}.Release|Any CPU.Build.0 = Release|Any CPU
		{987E835E-F53F-4A81-A41B-D0B79397F8D5}.Debug|Any CPU.ActiveCfg = Debug|Any CPU
		{987E835E-F53F-4A81-A41B-D0B79397F8D5}.Debug|Any CPU.Build.0 = Debug|Any CPU
		{987E835E-F53F-4A81-A41B-D0B79397F8D5}.Release|Any CPU.ActiveCfg = Release|Any CPU
		{987E835E-F53F-4A81-A41B-D0B79397F8D5}.Release|Any CPU.Build.0 = Release|Any CPU
		{891BF0B9-3320-4258-A8F4-FFDF563B5220}.Debug|Any CPU.ActiveCfg = Debug|Any CPU
		{891BF0B9-3320-4258-A8F4-FFDF563B5220}.Debug|Any CPU.Build.0 = Debug|Any CPU
		{891BF0B9-3320-4258-A8F4-FFDF563B5220}.Release|Any CPU.ActiveCfg = Release|Any CPU
		{891BF0B9-3320-4258-A8F4-FFDF563B5220}.Release|Any CPU.Build.0 = Release|Any CPU
	EndGlobalSection
EndGlobal
